// !$*UTF8*$!
{
	archiveVersion = 1;
	classes = {
	};
	objectVersion = 56;
	objects = {

/* Begin PBXBuildFile section */
		5C17EB4929B6559500427AC1 /* NoteraApp.swift in Sources */ = {isa = PBXBuildFile; fileRef = 5C17EB4829B6559500427AC1 /* NoteraApp.swift */; };
		5C17EB4B29B6559500427AC1 /* ContentView.swift in Sources */ = {isa = PBXBuildFile; fileRef = 5C17EB4A29B6559500427AC1 /* ContentView.swift */; };
		5C17EB4D29B6559700427AC1 /* Assets.xcassets in Resources */ = {isa = PBXBuildFile; fileRef = 5C17EB4C29B6559700427AC1 /* Assets.xcassets */; };
		5C17EB5029B6559700427AC1 /* Preview Assets.xcassets in Resources */ = {isa = PBXBuildFile; fileRef = 5C17EB4F29B6559700427AC1 /* Preview Assets.xcassets */; };
		5C17EB5829B655EA00427AC1 /* LICENCE in Resources */ = {isa = PBXBuildFile; fileRef = 5C17EB5629B655EA00427AC1 /* LICENCE */; };
		5C17EB5929B655EA00427AC1 /* README.md in Resources */ = {isa = PBXBuildFile; fileRef = 5C17EB5729B655EA00427AC1 /* README.md */; };
		5C17EB5D29B65A2300427AC1 /* Notera.xcdatamodeld in Sources */ = {isa = PBXBuildFile; fileRef = 5C17EB5B29B65A2300427AC1 /* Notera.xcdatamodeld */; };
		5C17EB6329B65B2A00427AC1 /* Note+CoreDataClass.swift in Sources */ = {isa = PBXBuildFile; fileRef = 5C17EB5F29B65B2A00427AC1 /* Note+CoreDataClass.swift */; };
		5C17EB6429B65B2A00427AC1 /* Note+CoreDataProperties.swift in Sources */ = {isa = PBXBuildFile; fileRef = 5C17EB6029B65B2A00427AC1 /* Note+CoreDataProperties.swift */; };
		5C17EB6529B65B2A00427AC1 /* Tag+CoreDataClass.swift in Sources */ = {isa = PBXBuildFile; fileRef = 5C17EB6129B65B2A00427AC1 /* Tag+CoreDataClass.swift */; };
		5C17EB6629B65B2A00427AC1 /* Tag+CoreDataProperties.swift in Sources */ = {isa = PBXBuildFile; fileRef = 5C17EB6229B65B2A00427AC1 /* Tag+CoreDataProperties.swift */; };
		5C17EB6929B65D3500427AC1 /* PersistenceController.swift in Sources */ = {isa = PBXBuildFile; fileRef = 5C17EB6829B65D3500427AC1 /* PersistenceController.swift */; };
/* End PBXBuildFile section */

/* Begin PBXFileReference section */
		5C17EB4529B6559500427AC1 /* Notera.app */ = {isa = PBXFileReference; explicitFileType = wrapper.application; includeInIndex = 0; path = Notera.app; sourceTree = BUILT_PRODUCTS_DIR; };
		5C17EB4829B6559500427AC1 /* NoteraApp.swift */ = {isa = PBXFileReference; lastKnownFileType = sourcecode.swift; path = NoteraApp.swift; sourceTree = "<group>"; };
		5C17EB4A29B6559500427AC1 /* ContentView.swift */ = {isa = PBXFileReference; lastKnownFileType = sourcecode.swift; path = ContentView.swift; sourceTree = "<group>"; };
		5C17EB4C29B6559700427AC1 /* Assets.xcassets */ = {isa = PBXFileReference; lastKnownFileType = folder.assetcatalog; path = Assets.xcassets; sourceTree = "<group>"; };
		5C17EB4F29B6559700427AC1 /* Preview Assets.xcassets */ = {isa = PBXFileReference; lastKnownFileType = folder.assetcatalog; path = "Preview Assets.xcassets"; sourceTree = "<group>"; };
		5C17EB5629B655EA00427AC1 /* LICENCE */ = {isa = PBXFileReference; fileEncoding = 4; lastKnownFileType = text; path = LICENCE; sourceTree = "<group>"; };
		5C17EB5729B655EA00427AC1 /* README.md */ = {isa = PBXFileReference; fileEncoding = 4; lastKnownFileType = net.daringfireball.markdown; path = README.md; sourceTree = "<group>"; };
		5C17EB5C29B65A2300427AC1 /* Notera.xcdatamodel */ = {isa = PBXFileReference; lastKnownFileType = wrapper.xcdatamodel; path = Notera.xcdatamodel; sourceTree = "<group>"; };
		5C17EB5F29B65B2A00427AC1 /* Note+CoreDataClass.swift */ = {isa = PBXFileReference; lastKnownFileType = sourcecode.swift; path = "Note+CoreDataClass.swift"; sourceTree = "<group>"; };
		5C17EB6029B65B2A00427AC1 /* Note+CoreDataProperties.swift */ = {isa = PBXFileReference; lastKnownFileType = sourcecode.swift; path = "Note+CoreDataProperties.swift"; sourceTree = "<group>"; };
		5C17EB6129B65B2A00427AC1 /* Tag+CoreDataClass.swift */ = {isa = PBXFileReference; lastKnownFileType = sourcecode.swift; path = "Tag+CoreDataClass.swift"; sourceTree = "<group>"; };
		5C17EB6229B65B2A00427AC1 /* Tag+CoreDataProperties.swift */ = {isa = PBXFileReference; lastKnownFileType = sourcecode.swift; path = "Tag+CoreDataProperties.swift"; sourceTree = "<group>"; };
		5C17EB6829B65D3500427AC1 /* PersistenceController.swift */ = {isa = PBXFileReference; lastKnownFileType = sourcecode.swift; path = PersistenceController.swift; sourceTree = "<group>"; };
/* End PBXFileReference section */

/* Begin PBXFrameworksBuildPhase section */
		5C17EB4229B6559500427AC1 /* Frameworks */ = {
			isa = PBXFrameworksBuildPhase;
			buildActionMask = 2147483647;
			files = (
			);
			runOnlyForDeploymentPostprocessing = 0;
		};
/* End PBXFrameworksBuildPhase section */

/* Begin PBXGroup section */
		5C17EB3C29B6559500427AC1 = {
			isa = PBXGroup;
			children = (
				5C17EB4729B6559500427AC1 /* Notera */,
				5C17EB5629B655EA00427AC1 /* LICENCE */,
				5C17EB5729B655EA00427AC1 /* README.md */,
				5C17EB4629B6559500427AC1 /* Products */,
			);
			sourceTree = "<group>";
		};
		5C17EB4629B6559500427AC1 /* Products */ = {
			isa = PBXGroup;
			children = (
				5C17EB4529B6559500427AC1 /* Notera.app */,
			);
			name = Products;
			sourceTree = "<group>";
		};
		5C17EB4729B6559500427AC1 /* Notera */ = {
			isa = PBXGroup;
			children = (
				5C17EB5E29B65B1400427AC1 /* Models */,
				5C17EB5A29B6563E00427AC1 /* Views */,
				5C17EB6729B65D2200427AC1 /* Controllers */,
				5C17EB4E29B6559700427AC1 /* Preview Content */,
				5C17EB4C29B6559700427AC1 /* Assets.xcassets */,
				5C17EB5B29B65A2300427AC1 /* Notera.xcdatamodeld */,
				5C17EB4829B6559500427AC1 /* NoteraApp.swift */,
			);
			path = Notera;
			sourceTree = "<group>";
		};
		5C17EB4E29B6559700427AC1 /* Preview Content */ = {
			isa = PBXGroup;
			children = (
				5C17EB4F29B6559700427AC1 /* Preview Assets.xcassets */,
			);
			path = "Preview Content";
			sourceTree = "<group>";
		};
		5C17EB5A29B6563E00427AC1 /* Views */ = {
			isa = PBXGroup;
			children = (
				5C17EB4A29B6559500427AC1 /* ContentView.swift */,
			);
			path = Views;
			sourceTree = "<group>";
		};
		5C17EB5E29B65B1400427AC1 /* Models */ = {
			isa = PBXGroup;
			children = (
				5C17EB5F29B65B2A00427AC1 /* Note+CoreDataClass.swift */,
				5C17EB6029B65B2A00427AC1 /* Note+CoreDataProperties.swift */,
				5C17EB6129B65B2A00427AC1 /* Tag+CoreDataClass.swift */,
				5C17EB6229B65B2A00427AC1 /* Tag+CoreDataProperties.swift */,
			);
			path = Models;
			sourceTree = "<group>";
		};
		5C17EB6729B65D2200427AC1 /* Controllers */ = {
			isa = PBXGroup;
			children = (
				5C17EB6829B65D3500427AC1 /* PersistenceController.swift */,
			);
			path = Controllers;
			sourceTree = "<group>";
		};
/* End PBXGroup section */

/* Begin PBXNativeTarget section */
		5C17EB4429B6559500427AC1 /* Notera */ = {
			isa = PBXNativeTarget;
			buildConfigurationList = 5C17EB5329B6559700427AC1 /* Build configuration list for PBXNativeTarget "Notera" */;
			buildPhases = (
				5C17EB4129B6559500427AC1 /* Sources */,
				5C17EB4229B6559500427AC1 /* Frameworks */,
				5C17EB4329B6559500427AC1 /* Resources */,
			);
			buildRules = (
			);
			dependencies = (
			);
			name = Notera;
			productName = Notera;
			productReference = 5C17EB4529B6559500427AC1 /* Notera.app */;
			productType = "com.apple.product-type.application";
		};
/* End PBXNativeTarget section */

/* Begin PBXProject section */
		5C17EB3D29B6559500427AC1 /* Project object */ = {
			isa = PBXProject;
			attributes = {
				BuildIndependentTargetsInParallel = 1;
				LastSwiftUpdateCheck = 1420;
				LastUpgradeCheck = 1420;
				TargetAttributes = {
					5C17EB4429B6559500427AC1 = {
						CreatedOnToolsVersion = 14.2;
					};
				};
			};
			buildConfigurationList = 5C17EB4029B6559500427AC1 /* Build configuration list for PBXProject "Notera" */;
			compatibilityVersion = "Xcode 14.0";
			developmentRegion = en;
			hasScannedForEncodings = 0;
			knownRegions = (
				en,
				Base,
			);
			mainGroup = 5C17EB3C29B6559500427AC1;
			productRefGroup = 5C17EB4629B6559500427AC1 /* Products */;
			projectDirPath = "";
			projectRoot = "";
			targets = (
				5C17EB4429B6559500427AC1 /* Notera */,
			);
		};
/* End PBXProject section */

/* Begin PBXResourcesBuildPhase section */
		5C17EB4329B6559500427AC1 /* Resources */ = {
			isa = PBXResourcesBuildPhase;
			buildActionMask = 2147483647;
			files = (
				5C17EB5829B655EA00427AC1 /* LICENCE in Resources */,
				5C17EB5029B6559700427AC1 /* Preview Assets.xcassets in Resources */,
				5C17EB5929B655EA00427AC1 /* README.md in Resources */,
				5C17EB4D29B6559700427AC1 /* Assets.xcassets in Resources */,
			);
			runOnlyForDeploymentPostprocessing = 0;
		};
/* End PBXResourcesBuildPhase section */

/* Begin PBXSourcesBuildPhase section */
		5C17EB4129B6559500427AC1 /* Sources */ = {
			isa = PBXSourcesBuildPhase;
			buildActionMask = 2147483647;
			files = (
				5C17EB4B29B6559500427AC1 /* ContentView.swift in Sources */,
				5C17EB6329B65B2A00427AC1 /* Note+CoreDataClass.swift in Sources */,
				5C17EB4929B6559500427AC1 /* NoteraApp.swift in Sources */,
				5C17EB5D29B65A2300427AC1 /* Notera.xcdatamodeld in Sources */,
				5C17EB6629B65B2A00427AC1 /* Tag+CoreDataProperties.swift in Sources */,
				5C17EB6529B65B2A00427AC1 /* Tag+CoreDataClass.swift in Sources */,
				5C17EB6429B65B2A00427AC1 /* Note+CoreDataProperties.swift in Sources */,
				5C17EB6929B65D3500427AC1 /* PersistenceController.swift in Sources */,
			);
			runOnlyForDeploymentPostprocessing = 0;
		};
/* End PBXSourcesBuildPhase section */

/* Begin XCBuildConfiguration section */
		5C17EB5129B6559700427AC1 /* Debug */ = {
			isa = XCBuildConfiguration;
			buildSettings = {
				ALWAYS_SEARCH_USER_PATHS = NO;
				CLANG_ANALYZER_NONNULL = YES;
				CLANG_ANALYZER_NUMBER_OBJECT_CONVERSION = YES_AGGRESSIVE;
				CLANG_CXX_LANGUAGE_STANDARD = "gnu++20";
				CLANG_ENABLE_MODULES = YES;
				CLANG_ENABLE_OBJC_ARC = YES;
				CLANG_ENABLE_OBJC_WEAK = YES;
				CLANG_WARN_BLOCK_CAPTURE_AUTORELEASING = YES;
				CLANG_WARN_BOOL_CONVERSION = YES;
				CLANG_WARN_COMMA = YES;
				CLANG_WARN_CONSTANT_CONVERSION = YES;
				CLANG_WARN_DEPRECATED_OBJC_IMPLEMENTATIONS = YES;
				CLANG_WARN_DIRECT_OBJC_ISA_USAGE = YES_ERROR;
				CLANG_WARN_DOCUMENTATION_COMMENTS = YES;
				CLANG_WARN_EMPTY_BODY = YES;
				CLANG_WARN_ENUM_CONVERSION = YES;
				CLANG_WARN_INFINITE_RECURSION = YES;
				CLANG_WARN_INT_CONVERSION = YES;
				CLANG_WARN_NON_LITERAL_NULL_CONVERSION = YES;
				CLANG_WARN_OBJC_IMPLICIT_RETAIN_SELF = YES;
				CLANG_WARN_OBJC_LITERAL_CONVERSION = YES;
				CLANG_WARN_OBJC_ROOT_CLASS = YES_ERROR;
				CLANG_WARN_QUOTED_INCLUDE_IN_FRAMEWORK_HEADER = YES;
				CLANG_WARN_RANGE_LOOP_ANALYSIS = YES;
				CLANG_WARN_STRICT_PROTOTYPES = YES;
				CLANG_WARN_SUSPICIOUS_MOVE = YES;
				CLANG_WARN_UNGUARDED_AVAILABILITY = YES_AGGRESSIVE;
				CLANG_WARN_UNREACHABLE_CODE = YES;
				CLANG_WARN__DUPLICATE_METHOD_MATCH = YES;
				COPY_PHASE_STRIP = NO;
				DEBUG_INFORMATION_FORMAT = dwarf;
				ENABLE_STRICT_OBJC_MSGSEND = YES;
				ENABLE_TESTABILITY = YES;
				GCC_C_LANGUAGE_STANDARD = gnu11;
				GCC_DYNAMIC_NO_PIC = NO;
				GCC_NO_COMMON_BLOCKS = YES;
				GCC_OPTIMIZATION_LEVEL = 0;
				GCC_PREPROCESSOR_DEFINITIONS = (
					"DEBUG=1",
					"$(inherited)",
				);
				GCC_WARN_64_TO_32_BIT_CONVERSION = YES;
				GCC_WARN_ABOUT_RETURN_TYPE = YES_ERROR;
				GCC_WARN_UNDECLARED_SELECTOR = YES;
				GCC_WARN_UNINITIALIZED_AUTOS = YES_AGGRESSIVE;
				GCC_WARN_UNUSED_FUNCTION = YES;
				GCC_WARN_UNUSED_VARIABLE = YES;
				IPHONEOS_DEPLOYMENT_TARGET = 16.2;
				MTL_ENABLE_DEBUG_INFO = INCLUDE_SOURCE;
				MTL_FAST_MATH = YES;
				ONLY_ACTIVE_ARCH = YES;
				SDKROOT = iphoneos;
				SWIFT_ACTIVE_COMPILATION_CONDITIONS = DEBUG;
				SWIFT_OPTIMIZATION_LEVEL = "-Onone";
			};
			name = Debug;
		};
		5C17EB5229B6559700427AC1 /* Release */ = {
			isa = XCBuildConfiguration;
			buildSettings = {
				ALWAYS_SEARCH_USER_PATHS = NO;
				CLANG_ANALYZER_NONNULL = YES;
				CLANG_ANALYZER_NUMBER_OBJECT_CONVERSION = YES_AGGRESSIVE;
				CLANG_CXX_LANGUAGE_STANDARD = "gnu++20";
				CLANG_ENABLE_MODULES = YES;
				CLANG_ENABLE_OBJC_ARC = YES;
				CLANG_ENABLE_OBJC_WEAK = YES;
				CLANG_WARN_BLOCK_CAPTURE_AUTORELEASING = YES;
				CLANG_WARN_BOOL_CONVERSION = YES;
				CLANG_WARN_COMMA = YES;
				CLANG_WARN_CONSTANT_CONVERSION = YES;
				CLANG_WARN_DEPRECATED_OBJC_IMPLEMENTATIONS = YES;
				CLANG_WARN_DIRECT_OBJC_ISA_USAGE = YES_ERROR;
				CLANG_WARN_DOCUMENTATION_COMMENTS = YES;
				CLANG_WARN_EMPTY_BODY = YES;
				CLANG_WARN_ENUM_CONVERSION = YES;
				CLANG_WARN_INFINITE_RECURSION = YES;
				CLANG_WARN_INT_CONVERSION = YES;
				CLANG_WARN_NON_LITERAL_NULL_CONVERSION = YES;
				CLANG_WARN_OBJC_IMPLICIT_RETAIN_SELF = YES;
				CLANG_WARN_OBJC_LITERAL_CONVERSION = YES;
				CLANG_WARN_OBJC_ROOT_CLASS = YES_ERROR;
				CLANG_WARN_QUOTED_INCLUDE_IN_FRAMEWORK_HEADER = YES;
				CLANG_WARN_RANGE_LOOP_ANALYSIS = YES;
				CLANG_WARN_STRICT_PROTOTYPES = YES;
				CLANG_WARN_SUSPICIOUS_MOVE = YES;
				CLANG_WARN_UNGUARDED_AVAILABILITY = YES_AGGRESSIVE;
				CLANG_WARN_UNREACHABLE_CODE = YES;
				CLANG_WARN__DUPLICATE_METHOD_MATCH = YES;
				COPY_PHASE_STRIP = NO;
				DEBUG_INFORMATION_FORMAT = "dwarf-with-dsym";
				ENABLE_NS_ASSERTIONS = NO;
				ENABLE_STRICT_OBJC_MSGSEND = YES;
				GCC_C_LANGUAGE_STANDARD = gnu11;
				GCC_NO_COMMON_BLOCKS = YES;
				GCC_WARN_64_TO_32_BIT_CONVERSION = YES;
				GCC_WARN_ABOUT_RETURN_TYPE = YES_ERROR;
				GCC_WARN_UNDECLARED_SELECTOR = YES;
				GCC_WARN_UNINITIALIZED_AUTOS = YES_AGGRESSIVE;
				GCC_WARN_UNUSED_FUNCTION = YES;
				GCC_WARN_UNUSED_VARIABLE = YES;
				IPHONEOS_DEPLOYMENT_TARGET = 16.2;
				MTL_ENABLE_DEBUG_INFO = NO;
				MTL_FAST_MATH = YES;
				SDKROOT = iphoneos;
				SWIFT_COMPILATION_MODE = wholemodule;
				SWIFT_OPTIMIZATION_LEVEL = "-O";
				VALIDATE_PRODUCT = YES;
			};
			name = Release;
		};
		5C17EB5429B6559700427AC1 /* Debug */ = {
			isa = XCBuildConfiguration;
			buildSettings = {
				ASSETCATALOG_COMPILER_APPICON_NAME = AppIcon;
				ASSETCATALOG_COMPILER_GLOBAL_ACCENT_COLOR_NAME = AccentColor;
				CODE_SIGN_STYLE = Automatic;
				CURRENT_PROJECT_VERSION = 1;
				DEVELOPMENT_ASSET_PATHS = "\"Notera/Preview Content\"";
				DEVELOPMENT_TEAM = QSGA5YQXBJ;
				ENABLE_PREVIEWS = YES;
				GENERATE_INFOPLIST_FILE = YES;
				INFOPLIST_KEY_LSApplicationCategoryType = "public.app-category.productivity";
				INFOPLIST_KEY_UIApplicationSceneManifest_Generation = YES;
				INFOPLIST_KEY_UIApplicationSupportsIndirectInputEvents = YES;
				INFOPLIST_KEY_UILaunchScreen_Generation = YES;
				INFOPLIST_KEY_UISupportedInterfaceOrientations_iPad = "UIInterfaceOrientationPortrait UIInterfaceOrientationPortraitUpsideDown UIInterfaceOrientationLandscapeLeft UIInterfaceOrientationLandscapeRight";
				INFOPLIST_KEY_UISupportedInterfaceOrientations_iPhone = "UIInterfaceOrientationPortrait UIInterfaceOrientationLandscapeLeft UIInterfaceOrientationLandscapeRight";
				LD_RUNPATH_SEARCH_PATHS = (
					"$(inherited)",
					"@executable_path/Frameworks",
				);
				MARKETING_VERSION = 1.0;
				PRODUCT_BUNDLE_IDENTIFIER = com.emilhornlund.Notera;
				PRODUCT_NAME = "$(TARGET_NAME)";
				SWIFT_EMIT_LOC_STRINGS = YES;
				SWIFT_VERSION = 5.0;
				TARGETED_DEVICE_FAMILY = "1,2";
			};
			name = Debug;
		};
		5C17EB5529B6559700427AC1 /* Release */ = {
			isa = XCBuildConfiguration;
			buildSettings = {
				ASSETCATALOG_COMPILER_APPICON_NAME = AppIcon;
				ASSETCATALOG_COMPILER_GLOBAL_ACCENT_COLOR_NAME = AccentColor;
				CODE_SIGN_STYLE = Automatic;
				CURRENT_PROJECT_VERSION = 1;
				DEVELOPMENT_ASSET_PATHS = "\"Notera/Preview Content\"";
				DEVELOPMENT_TEAM = QSGA5YQXBJ;
				ENABLE_PREVIEWS = YES;
				GENERATE_INFOPLIST_FILE = YES;
				INFOPLIST_KEY_LSApplicationCategoryType = "public.app-category.productivity";
				INFOPLIST_KEY_UIApplicationSceneManifest_Generation = YES;
				INFOPLIST_KEY_UIApplicationSupportsIndirectInputEvents = YES;
				INFOPLIST_KEY_UILaunchScreen_Generation = YES;
				INFOPLIST_KEY_UISupportedInterfaceOrientations_iPad = "UIInterfaceOrientationPortrait UIInterfaceOrientationPortraitUpsideDown UIInterfaceOrientationLandscapeLeft UIInterfaceOrientationLandscapeRight";
				INFOPLIST_KEY_UISupportedInterfaceOrientations_iPhone = "UIInterfaceOrientationPortrait UIInterfaceOrientationLandscapeLeft UIInterfaceOrientationLandscapeRight";
				LD_RUNPATH_SEARCH_PATHS = (
					"$(inherited)",
					"@executable_path/Frameworks",
				);
				MARKETING_VERSION = 1.0;
				PRODUCT_BUNDLE_IDENTIFIER = com.emilhornlund.Notera;
				PRODUCT_NAME = "$(TARGET_NAME)";
				SWIFT_EMIT_LOC_STRINGS = YES;
				SWIFT_VERSION = 5.0;
				TARGETED_DEVICE_FAMILY = "1,2";
			};
			name = Release;
		};
/* End XCBuildConfiguration section */

/* Begin XCConfigurationList section */
		5C17EB4029B6559500427AC1 /* Build configuration list for PBXProject "Notera" */ = {
			isa = XCConfigurationList;
			buildConfigurations = (
				5C17EB5129B6559700427AC1 /* Debug */,
				5C17EB5229B6559700427AC1 /* Release */,
			);
			defaultConfigurationIsVisible = 0;
			defaultConfigurationName = Release;
		};
		5C17EB5329B6559700427AC1 /* Build configuration list for PBXNativeTarget "Notera" */ = {
			isa = XCConfigurationList;
			buildConfigurations = (
				5C17EB5429B6559700427AC1 /* Debug */,
				5C17EB5529B6559700427AC1 /* Release */,
			);
			defaultConfigurationIsVisible = 0;
			defaultConfigurationName = Release;
		};
/* End XCConfigurationList section */

/* Begin XCVersionGroup section */
		5C17EB5B29B65A2300427AC1 /* Notera.xcdatamodeld */ = {
			isa = XCVersionGroup;
			children = (
				5C17EB5C29B65A2300427AC1 /* Notera.xcdatamodel */,
			);
			currentVersion = 5C17EB5C29B65A2300427AC1 /* Notera.xcdatamodel */;
			path = Notera.xcdatamodeld;
			sourceTree = "<group>";
			versionGroupType = wrapper.xcdatamodel;
		};
/* End XCVersionGroup section */
	};
	rootObject = 5C17EB3D29B6559500427AC1 /* Project object */;
}
